{
  "name": "root",
  "requires": true,
  "lockfileVersion": 1,
  "dependencies": {
    "pretty-bytes": {
      "version": "5.5.0",
      "resolved": "https://registry.npmjs.org/pretty-bytes/-/pretty-bytes-5.5.0.tgz",
      "integrity": "sha512-p+T744ZyjjiaFlMUZZv6YPC5JrkNj8maRmPaQCWFJFplUAzpIUTRaTcS+7wmZtUoFXHtESJb23ISliaWyz3SHA=="
    }
  }
}
